
Microsoft Visual Studio Solution File, Format Version 12.00
# Visual Studio 15
VisualStudioVersion = 15.0.28010.2036
MinimumVisualStudioVersion = 10.0.40219.1
Project("{FAE04EC0-301F-11D3-BF4B-00C04F79EFBC}") = "SnookerStat.Android", "SnookerStat\SnookerStat.Android\SnookerStat.Android.csproj", "{AABA3582-46C9-4316-A2AB-529402E262FD}"
EndProject
Project("{FAE04EC0-301F-11D3-BF4B-00C04F79EFBC}") = "SnookerStat.iOS", "SnookerStat\SnookerStat.iOS\SnookerStat.iOS.csproj", "{300DDEF1-EF4C-4083-8A1C-0E5C145C10AD}"
EndProject
Project("{FAE04EC0-301F-11D3-BF4B-00C04F79EFBC}") = "SnookerStat.UWP", "SnookerStat\SnookerStat.UWP\SnookerStat.UWP.csproj", "{49D9A8BE-28CA-439E-93D9-38ABA40D505F}"
EndProject
Project("{FAE04EC0-301F-11D3-BF4B-00C04F79EFBC}") = "SnookerStat", "SnookerStat\SnookerStat\SnookerStat.csproj", "{F142B6E3-AF51-44F6-9DA6-E6F29665D97F}"
EndProject
Global
	GlobalSection(SolutionConfigurationPlatforms) = preSolution
		Ad-Hoc|Any CPU = Ad-Hoc|Any CPU
		Ad-Hoc|ARM = Ad-Hoc|ARM
		Ad-Hoc|iPhone = Ad-Hoc|iPhone
		Ad-Hoc|iPhoneSimulator = Ad-Hoc|iPhoneSimulator
		Ad-Hoc|x64 = Ad-Hoc|x64
		Ad-Hoc|x86 = Ad-Hoc|x86
		AppStore|Any CPU = AppStore|Any CPU
		AppStore|ARM = AppStore|ARM
		AppStore|iPhone = AppStore|iPhone
		AppStore|iPhoneSimulator = AppStore|iPhoneSimulator
		AppStore|x64 = AppStore|x64
		AppStore|x86 = AppStore|x86
		Debug|Any CPU = Debug|Any CPU
		Debug|ARM = Debug|ARM
		Debug|iPhone = Debug|iPhone
		Debug|iPhoneSimulator = Debug|iPhoneSimulator
		Debug|x64 = Debug|x64
		Debug|x86 = Debug|x86
		Release|Any CPU = Release|Any CPU
		Release|ARM = Release|ARM
		Release|iPhone = Release|iPhone
		Release|iPhoneSimulator = Release|iPhoneSimulator
		Release|x64 = Release|x64
		Release|x86 = Release|x86
	EndGlobalSection
	GlobalSection(ProjectConfigurationPlatforms) = postSolution
		{AABA3582-46C9-4316-A2AB-529402E262FD}.Ad-Hoc|Any CPU.ActiveCfg = Release|Any CPU
		{AABA3582-46C9-4316-A2AB-529402E262FD}.Ad-Hoc|Any CPU.Build.0 = Release|Any CPU
		{AABA3582-46C9-4316-A2AB-529402E262FD}.Ad-Hoc|Any CPU.Deploy.0 = Release|Any CPU
		{AABA3582-46C9-4316-A2AB-529402E262FD}.Ad-Hoc|ARM.ActiveCfg = Release|Any CPU
		{AABA3582-46C9-4316-A2AB-529402E262FD}.Ad-Hoc|ARM.Build.0 = Release|Any CPU
		{AABA3582-46C9-4316-A2AB-529402E262FD}.Ad-Hoc|ARM.Deploy.0 = Release|Any CPU
		{AABA3582-46C9-4316-A2AB-529402E262FD}.Ad-Hoc|iPhone.ActiveCfg = Release|Any CPU
		{AABA3582-46C9-4316-A2AB-529402E262FD}.Ad-Hoc|iPhone.Build.0 = Release|Any CPU
		{AABA3582-46C9-4316-A2AB-529402E262FD}.Ad-Hoc|iPhone.Deploy.0 = Release|Any CPU
		{AABA3582-46C9-4316-A2AB-529402E262FD}.Ad-Hoc|iPhoneSimulator.ActiveCfg = Release|Any CPU
		{AABA3582-46C9-4316-A2AB-529402E262FD}.Ad-Hoc|iPhoneSimulator.Build.0 = Release|Any CPU
		{AABA3582-46C9-4316-A2AB-529402E262FD}.Ad-Hoc|iPhoneSimulator.Deploy.0 = Release|Any CPU
		{AABA3582-46C9-4316-A2AB-529402E262FD}.Ad-Hoc|x64.ActiveCfg = Release|Any CPU
		{AABA3582-46C9-4316-A2AB-529402E262FD}.Ad-Hoc|x64.Build.0 = Release|Any CPU
		{AABA3582-46C9-4316-A2AB-529402E262FD}.Ad-Hoc|x64.Deploy.0 = Release|Any CPU
		{AABA3582-46C9-4316-A2AB-529402E262FD}.Ad-Hoc|x86.ActiveCfg = Release|Any CPU
		{AABA3582-46C9-4316-A2AB-529402E262FD}.Ad-Hoc|x86.Build.0 = Release|Any CPU
		{AABA3582-46C9-4316-A2AB-529402E262FD}.Ad-Hoc|x86.Deploy.0 = Release|Any CPU
		{AABA3582-46C9-4316-A2AB-529402E262FD}.AppStore|Any CPU.ActiveCfg = Release|Any CPU
		{AABA3582-46C9-4316-A2AB-529402E262FD}.AppStore|Any CPU.Build.0 = Release|Any CPU
		{AABA3582-46C9-4316-A2AB-529402E262FD}.AppStore|Any CPU.Deploy.0 = Release|Any CPU
		{AABA3582-46C9-4316-A2AB-529402E262FD}.AppStore|ARM.ActiveCfg = Release|Any CPU
		{AABA3582-46C9-4316-A2AB-529402E262FD}.AppStore|ARM.Build.0 = Release|Any CPU
		{AABA3582-46C9-4316-A2AB-529402E262FD}.AppStore|ARM.Deploy.0 = Release|Any CPU
		{AABA3582-46C9-4316-A2AB-529402E262FD}.AppStore|iPhone.ActiveCfg = Release|Any CPU
		{AABA3582-46C9-4316-A2AB-529402E262FD}.AppStore|iPhone.Build.0 = Release|Any CPU
		{AABA3582-46C9-4316-A2AB-529402E262FD}.AppStore|iPhone.Deploy.0 = Release|Any CPU
		{AABA3582-46C9-4316-A2AB-529402E262FD}.AppStore|iPhoneSimulator.ActiveCfg = Release|Any CPU
		{AABA3582-46C9-4316-A2AB-529402E262FD}.AppStore|iPhoneSimulator.Build.0 = Release|Any CPU
		{AABA3582-46C9-4316-A2AB-529402E262FD}.AppStore|iPhoneSimulator.Deploy.0 = Release|Any CPU
		{AABA3582-46C9-4316-A2AB-529402E262FD}.AppStore|x64.ActiveCfg = Release|Any CPU
		{AABA3582-46C9-4316-A2AB-529402E262FD}.AppStore|x64.Build.0 = Release|Any CPU
		{AABA3582-46C9-4316-A2AB-529402E262FD}.AppStore|x64.Deploy.0 = Release|Any CPU
		{AABA3582-46C9-4316-A2AB-529402E262FD}.AppStore|x86.ActiveCfg = Release|Any CPU
		{AABA3582-46C9-4316-A2AB-529402E262FD}.AppStore|x86.Build.0 = Release|Any CPU
		{AABA3582-46C9-4316-A2AB-529402E262FD}.AppStore|x86.Deploy.0 = Release|Any CPU
		{AABA3582-46C9-4316-A2AB-529402E262FD}.Debug|Any CPU.ActiveCfg = Debug|Any CPU
		{AABA3582-46C9-4316-A2AB-529402E262FD}.Debug|Any CPU.Build.0 = Debug|Any CPU
		{AABA3582-46C9-4316-A2AB-529402E262FD}.Debug|Any CPU.Deploy.0 = Debug|Any CPU
		{AABA3582-46C9-4316-A2AB-529402E262FD}.Debug|ARM.ActiveCfg = Debug|Any CPU
		{AABA3582-46C9-4316-A2AB-529402E262FD}.Debug|ARM.Build.0 = Debug|Any CPU
		{AABA3582-46C9-4316-A2AB-529402E262FD}.Debug|ARM.Deploy.0 = Debug|Any CPU
		{AABA3582-46C9-4316-A2AB-529402E262FD}.Debug|iPhone.ActiveCfg = Debug|Any CPU
		{AABA3582-46C9-4316-A2AB-529402E262FD}.Debug|iPhone.Build.0 = Debug|Any CPU
		{AABA3582-46C9-4316-A2AB-529402E262FD}.Debug|iPhone.Deploy.0 = Debug|Any CPU
		{AABA3582-46C9-4316-A2AB-529402E262FD}.Debug|iPhoneSimulator.ActiveCfg = Debug|Any CPU
		{AABA3582-46C9-4316-A2AB-529402E262FD}.Debug|iPhoneSimulator.Build.0 = Debug|Any CPU
		{AABA3582-46C9-4316-A2AB-529402E262FD}.Debug|iPhoneSimulator.Deploy.0 = Debug|Any CPU
		{AABA3582-46C9-4316-A2AB-529402E262FD}.Debug|x64.ActiveCfg = Debug|Any CPU
		{AABA3582-46C9-4316-A2AB-529402E262FD}.Debug|x64.Build.0 = Debug|Any CPU
		{AABA3582-46C9-4316-A2AB-529402E262FD}.Debug|x64.Deploy.0 = Debug|Any CPU
		{AABA3582-46C9-4316-A2AB-529402E262FD}.Debug|x86.ActiveCfg = Debug|Any CPU
		{AABA3582-46C9-4316-A2AB-529402E262FD}.Debug|x86.Build.0 = Debug|Any CPU
		{AABA3582-46C9-4316-A2AB-529402E262FD}.Debug|x86.Deploy.0 = Debug|Any CPU
		{AABA3582-46C9-4316-A2AB-529402E262FD}.Release|Any CPU.ActiveCfg = Release|Any CPU
		{AABA3582-46C9-4316-A2AB-529402E262FD}.Release|Any CPU.Build.0 = Release|Any CPU
		{AABA3582-46C9-4316-A2AB-529402E262FD}.Release|Any CPU.Deploy.0 = Release|Any CPU
		{AABA3582-46C9-4316-A2AB-529402E262FD}.Release|ARM.ActiveCfg = Release|Any CPU
		{AABA3582-46C9-4316-A2AB-529402E262FD}.Release|ARM.Build.0 = Release|Any CPU
		{AABA3582-46C9-4316-A2AB-529402E262FD}.Release|ARM.Deploy.0 = Release|Any CPU
		{AABA3582-46C9-4316-A2AB-529402E262FD}.Release|iPhone.ActiveCfg = Release|Any CPU
		{AABA3582-46C9-4316-A2AB-529402E262FD}.Release|iPhone.Build.0 = Release|Any CPU
		{AABA3582-46C9-4316-A2AB-529402E262FD}.Release|iPhone.Deploy.0 = Release|Any CPU
		{AABA3582-46C9-4316-A2AB-529402E262FD}.Release|iPhoneSimulator.ActiveCfg = Release|Any CPU
		{AABA3582-46C9-4316-A2AB-529402E262FD}.Release|iPhoneSimulator.Build.0 = Release|Any CPU
		{AABA3582-46C9-4316-A2AB-529402E262FD}.Release|iPhoneSimulator.Deploy.0 = Release|Any CPU
		{AABA3582-46C9-4316-A2AB-529402E262FD}.Release|x64.ActiveCfg = Release|Any CPU
		{AABA3582-46C9-4316-A2AB-529402E262FD}.Release|x64.Build.0 = Release|Any CPU
		{AABA3582-46C9-4316-A2AB-529402E262FD}.Release|x64.Deploy.0 = Release|Any CPU
		{AABA3582-46C9-4316-A2AB-529402E262FD}.Release|x86.ActiveCfg = Release|Any CPU
		{AABA3582-46C9-4316-A2AB-529402E262FD}.Release|x86.Build.0 = Release|Any CPU
		{AABA3582-46C9-4316-A2AB-529402E262FD}.Release|x86.Deploy.0 = Release|Any CPU
		{300DDEF1-EF4C-4083-8A1C-0E5C145C10AD}.Ad-Hoc|Any CPU.ActiveCfg = Ad-Hoc|iPhone
		{300DDEF1-EF4C-4083-8A1C-0E5C145C10AD}.Ad-Hoc|Any CPU.Build.0 = Ad-Hoc|iPhone
		{300DDEF1-EF4C-4083-8A1C-0E5C145C10AD}.Ad-Hoc|Any CPU.Deploy.0 = Ad-Hoc|iPhone
		{300DDEF1-EF4C-4083-8A1C-0E5C145C10AD}.Ad-Hoc|ARM.ActiveCfg = Ad-Hoc|iPhone
		{300DDEF1-EF4C-4083-8A1C-0E5C145C10AD}.Ad-Hoc|ARM.Build.0 = Ad-Hoc|iPhone
		{300DDEF1-EF4C-4083-8A1C-0E5C145C10AD}.Ad-Hoc|ARM.Deploy.0 = Ad-Hoc|iPhone
		{300DDEF1-EF4C-4083-8A1C-0E5C145C10AD}.Ad-Hoc|iPhone.ActiveCfg = Ad-Hoc|iPhone
		{300DDEF1-EF4C-4083-8A1C-0E5C145C10AD}.Ad-Hoc|iPhone.Build.0 = Ad-Hoc|iPhone
		{300DDEF1-EF4C-4083-8A1C-0E5C145C10AD}.Ad-Hoc|iPhone.Deploy.0 = Ad-Hoc|iPhone
		{300DDEF1-EF4C-4083-8A1C-0E5C145C10AD}.Ad-Hoc|iPhoneSimulator.ActiveCfg = Ad-Hoc|iPhoneSimulator
		{300DDEF1-EF4C-4083-8A1C-0E5C145C10AD}.Ad-Hoc|iPhoneSimulator.Build.0 = Ad-Hoc|iPhoneSimulator
		{300DDEF1-EF4C-4083-8A1C-0E5C145C10AD}.Ad-Hoc|iPhoneSimulator.Deploy.0 = Ad-Hoc|iPhoneSimulator
		{300DDEF1-EF4C-4083-8A1C-0E5C145C10AD}.Ad-Hoc|x64.ActiveCfg = Ad-Hoc|iPhone
		{300DDEF1-EF4C-4083-8A1C-0E5C145C10AD}.Ad-Hoc|x64.Build.0 = Ad-Hoc|iPhone
		{300DDEF1-EF4C-4083-8A1C-0E5C145C10AD}.Ad-Hoc|x64.Deploy.0 = Ad-Hoc|iPhone
		{300DDEF1-EF4C-4083-8A1C-0E5C145C10AD}.Ad-Hoc|x86.ActiveCfg = Ad-Hoc|iPhone
		{300DDEF1-EF4C-4083-8A1C-0E5C145C10AD}.Ad-Hoc|x86.Build.0 = Ad-Hoc|iPhone
		{300DDEF1-EF4C-4083-8A1C-0E5C145C10AD}.Ad-Hoc|x86.Deploy.0 = Ad-Hoc|iPhone
		{300DDEF1-EF4C-4083-8A1C-0E5C145C10AD}.AppStore|Any CPU.ActiveCfg = AppStore|iPhone
		{300DDEF1-EF4C-4083-8A1C-0E5C145C10AD}.AppStore|Any CPU.Build.0 = AppStore|iPhone
		{300DDEF1-EF4C-4083-8A1C-0E5C145C10AD}.AppStore|Any CPU.Deploy.0 = AppStore|iPhone
		{300DDEF1-EF4C-4083-8A1C-0E5C145C10AD}.AppStore|ARM.ActiveCfg = AppStore|iPhone
		{300DDEF1-EF4C-4083-8A1C-0E5C145C10AD}.AppStore|ARM.Build.0 = AppStore|iPhone
		{300DDEF1-EF4C-4083-8A1C-0E5C145C10AD}.AppStore|ARM.Deploy.0 = AppStore|iPhone
		{300DDEF1-EF4C-4083-8A1C-0E5C145C10AD}.AppStore|iPhone.ActiveCfg = AppStore|iPhone
		{300DDEF1-EF4C-4083-8A1C-0E5C145C10AD}.AppStore|iPhone.Build.0 = AppStore|iPhone
		{300DDEF1-EF4C-4083-8A1C-0E5C145C10AD}.AppStore|iPhone.Deploy.0 = AppStore|iPhone
		{300DDEF1-EF4C-4083-8A1C-0E5C145C10AD}.AppStore|iPhoneSimulator.ActiveCfg = AppStore|iPhoneSimulator
		{300DDEF1-EF4C-4083-8A1C-0E5C145C10AD}.AppStore|iPhoneSimulator.Build.0 = AppStore|iPhoneSimulator
		{300DDEF1-EF4C-4083-8A1C-0E5C145C10AD}.AppStore|iPhoneSimulator.Deploy.0 = AppStore|iPhoneSimulator
		{300DDEF1-EF4C-4083-8A1C-0E5C145C10AD}.AppStore|x64.ActiveCfg = AppStore|iPhone
		{300DDEF1-EF4C-4083-8A1C-0E5C145C10AD}.AppStore|x64.Build.0 = AppStore|iPhone
		{300DDEF1-EF4C-4083-8A1C-0E5C145C10AD}.AppStore|x64.Deploy.0 = AppStore|iPhone
		{300DDEF1-EF4C-4083-8A1C-0E5C145C10AD}.AppStore|x86.ActiveCfg = AppStore|iPhone
		{300DDEF1-EF4C-4083-8A1C-0E5C145C10AD}.AppStore|x86.Build.0 = AppStore|iPhone
		{300DDEF1-EF4C-4083-8A1C-0E5C145C10AD}.AppStore|x86.Deploy.0 = AppStore|iPhone
		{300DDEF1-EF4C-4083-8A1C-0E5C145C10AD}.Debug|Any CPU.ActiveCfg = Debug|iPhoneSimulator
		{300DDEF1-EF4C-4083-8A1C-0E5C145C10AD}.Debug|Any CPU.Build.0 = Debug|iPhoneSimulator
		{300DDEF1-EF4C-4083-8A1C-0E5C145C10AD}.Debug|Any CPU.Deploy.0 = Debug|iPhoneSimulator
		{300DDEF1-EF4C-4083-8A1C-0E5C145C10AD}.Debug|ARM.ActiveCfg = Debug|iPhone
		{300DDEF1-EF4C-4083-8A1C-0E5C145C10AD}.Debug|ARM.Build.0 = Debug|iPhone
		{300DDEF1-EF4C-4083-8A1C-0E5C145C10AD}.Debug|ARM.Deploy.0 = Debug|iPhone
		{300DDEF1-EF4C-4083-8A1C-0E5C145C10AD}.Debug|iPhone.ActiveCfg = Debug|iPhone
		{300DDEF1-EF4C-4083-8A1C-0E5C145C10AD}.Debug|iPhone.Build.0 = Debug|iPhone
		{300DDEF1-EF4C-4083-8A1C-0E5C145C10AD}.Debug|iPhone.Deploy.0 = Debug|iPhone
		{300DDEF1-EF4C-4083-8A1C-0E5C145C10AD}.Debug|iPhoneSimulator.ActiveCfg = Debug|iPhoneSimulator
		{300DDEF1-EF4C-4083-8A1C-0E5C145C10AD}.Debug|iPhoneSimulator.Build.0 = Debug|iPhoneSimulator
		{300DDEF1-EF4C-4083-8A1C-0E5C145C10AD}.Debug|iPhoneSimulator.Deploy.0 = Debug|iPhoneSimulator
		{300DDEF1-EF4C-4083-8A1C-0E5C145C10AD}.Debug|x64.ActiveCfg = Debug|iPhone
		{300DDEF1-EF4C-4083-8A1C-0E5C145C10AD}.Debug|x64.Build.0 = Debug|iPhone
		{300DDEF1-EF4C-4083-8A1C-0E5C145C10AD}.Debug|x64.Deploy.0 = Debug|iPhone
		{300DDEF1-EF4C-4083-8A1C-0E5C145C10AD}.Debug|x86.ActiveCfg = Debug|iPhone
		{300DDEF1-EF4C-4083-8A1C-0E5C145C10AD}.Debug|x86.Build.0 = Debug|iPhone
		{300DDEF1-EF4C-4083-8A1C-0E5C145C10AD}.Debug|x86.Deploy.0 = Debug|iPhone
		{300DDEF1-EF4C-4083-8A1C-0E5C145C10AD}.Release|Any CPU.ActiveCfg = Release|iPhone
		{300DDEF1-EF4C-4083-8A1C-0E5C145C10AD}.Release|Any CPU.Build.0 = Release|iPhone
		{300DDEF1-EF4C-4083-8A1C-0E5C145C10AD}.Release|Any CPU.Deploy.0 = Release|iPhone
		{300DDEF1-EF4C-4083-8A1C-0E5C145C10AD}.Release|ARM.ActiveCfg = Release|iPhone
		{300DDEF1-EF4C-4083-8A1C-0E5C145C10AD}.Release|ARM.Build.0 = Release|iPhone
		{300DDEF1-EF4C-4083-8A1C-0E5C145C10AD}.Release|ARM.Deploy.0 = Release|iPhone
		{300DDEF1-EF4C-4083-8A1C-0E5C145C10AD}.Release|iPhone.ActiveCfg = Release|iPhone
		{300DDEF1-EF4C-4083-8A1C-0E5C145C10AD}.Release|iPhone.Build.0 = Release|iPhone
		{300DDEF1-EF4C-4083-8A1C-0E5C145C10AD}.Release|iPhone.Deploy.0 = Release|iPhone
		{300DDEF1-EF4C-4083-8A1C-0E5C145C10AD}.Release|iPhoneSimulator.ActiveCfg = Release|iPhoneSimulator
		{300DDEF1-EF4C-4083-8A1C-0E5C145C10AD}.Release|iPhoneSimulator.Build.0 = Release|iPhoneSimulator
		{300DDEF1-EF4C-4083-8A1C-0E5C145C10AD}.Release|iPhoneSimulator.Deploy.0 = Release|iPhoneSimulator
		{300DDEF1-EF4C-4083-8A1C-0E5C145C10AD}.Release|x64.ActiveCfg = Release|iPhone
		{300DDEF1-EF4C-4083-8A1C-0E5C145C10AD}.Release|x64.Build.0 = Release|iPhone
		{300DDEF1-EF4C-4083-8A1C-0E5C145C10AD}.Release|x64.Deploy.0 = Release|iPhone
		{300DDEF1-EF4C-4083-8A1C-0E5C145C10AD}.Release|x86.ActiveCfg = Release|iPhone
		{300DDEF1-EF4C-4083-8A1C-0E5C145C10AD}.Release|x86.Build.0 = Release|iPhone
		{300DDEF1-EF4C-4083-8A1C-0E5C145C10AD}.Release|x86.Deploy.0 = Release|iPhone
		{49D9A8BE-28CA-439E-93D9-38ABA40D505F}.Ad-Hoc|Any CPU.ActiveCfg = Release|x86
		{49D9A8BE-28CA-439E-93D9-38ABA40D505F}.Ad-Hoc|Any CPU.Build.0 = Release|x86
		{49D9A8BE-28CA-439E-93D9-38ABA40D505F}.Ad-Hoc|Any CPU.Deploy.0 = Release|x86
		{49D9A8BE-28CA-439E-93D9-38ABA40D505F}.Ad-Hoc|ARM.ActiveCfg = Release|ARM
		{49D9A8BE-28CA-439E-93D9-38ABA40D505F}.Ad-Hoc|ARM.Build.0 = Release|ARM
		{49D9A8BE-28CA-439E-93D9-38ABA40D505F}.Ad-Hoc|ARM.Deploy.0 = Release|ARM
		{49D9A8BE-28CA-439E-93D9-38ABA40D505F}.Ad-Hoc|iPhone.ActiveCfg = Release|x86
		{49D9A8BE-28CA-439E-93D9-38ABA40D505F}.Ad-Hoc|iPhone.Build.0 = Release|x86
		{49D9A8BE-28CA-439E-93D9-38ABA40D505F}.Ad-Hoc|iPhone.Deploy.0 = Release|x86
		{49D9A8BE-28CA-439E-93D9-38ABA40D505F}.Ad-Hoc|iPhoneSimulator.ActiveCfg = Release|x86
		{49D9A8BE-28CA-439E-93D9-38ABA40D505F}.Ad-Hoc|iPhoneSimulator.Build.0 = Release|x86
		{49D9A8BE-28CA-439E-93D9-38ABA40D505F}.Ad-Hoc|iPhoneSimulator.Deploy.0 = Release|x86
		{49D9A8BE-28CA-439E-93D9-38ABA40D505F}.Ad-Hoc|x64.ActiveCfg = Release|x64
		{49D9A8BE-28CA-439E-93D9-38ABA40D505F}.Ad-Hoc|x64.Build.0 = Release|x64
		{49D9A8BE-28CA-439E-93D9-38ABA40D505F}.Ad-Hoc|x64.Deploy.0 = Release|x64
		{49D9A8BE-28CA-439E-93D9-38ABA40D505F}.Ad-Hoc|x86.ActiveCfg = Release|x86
		{49D9A8BE-28CA-439E-93D9-38ABA40D505F}.Ad-Hoc|x86.Build.0 = Release|x86
		{49D9A8BE-28CA-439E-93D9-38ABA40D505F}.Ad-Hoc|x86.Deploy.0 = Release|x86
		{49D9A8BE-28CA-439E-93D9-38ABA40D505F}.AppStore|Any CPU.ActiveCfg = Release|x86
		{49D9A8BE-28CA-439E-93D9-38ABA40D505F}.AppStore|Any CPU.Build.0 = Release|x86
		{49D9A8BE-28CA-439E-93D9-38ABA40D505F}.AppStore|Any CPU.Deploy.0 = Release|x86
		{49D9A8BE-28CA-439E-93D9-38ABA40D505F}.AppStore|ARM.ActiveCfg = Release|ARM
		{49D9A8BE-28CA-439E-93D9-38ABA40D505F}.AppStore|ARM.Build.0 = Release|ARM
		{49D9A8BE-28CA-439E-93D9-38ABA40D505F}.AppStore|ARM.Deploy.0 = Release|ARM
		{49D9A8BE-28CA-439E-93D9-38ABA40D505F}.AppStore|iPhone.ActiveCfg = Release|x86
		{49D9A8BE-28CA-439E-93D9-38ABA40D505F}.AppStore|iPhone.Build.0 = Release|x86
		{49D9A8BE-28CA-439E-93D9-38ABA40D505F}.AppStore|iPhone.Deploy.0 = Release|x86
		{49D9A8BE-28CA-439E-93D9-38ABA40D505F}.AppStore|iPhoneSimulator.ActiveCfg = Release|x86
		{49D9A8BE-28CA-439E-93D9-38ABA40D505F}.AppStore|iPhoneSimulator.Build.0 = Release|x86
		{49D9A8BE-28CA-439E-93D9-38ABA40D505F}.AppStore|iPhoneSimulator.Deploy.0 = Release|x86
		{49D9A8BE-28CA-439E-93D9-38ABA40D505F}.AppStore|x64.ActiveCfg = Release|x64
		{49D9A8BE-28CA-439E-93D9-38ABA40D505F}.AppStore|x64.Build.0 = Release|x64
		{49D9A8BE-28CA-439E-93D9-38ABA40D505F}.AppStore|x64.Deploy.0 = Release|x64
		{49D9A8BE-28CA-439E-93D9-38ABA40D505F}.AppStore|x86.ActiveCfg = Release|x86
		{49D9A8BE-28CA-439E-93D9-38ABA40D505F}.AppStore|x86.Build.0 = Release|x86
		{49D9A8BE-28CA-439E-93D9-38ABA40D505F}.AppStore|x86.Deploy.0 = Release|x86
		{49D9A8BE-28CA-439E-93D9-38ABA40D505F}.Debug|Any CPU.ActiveCfg = Debug|x86
		{49D9A8BE-28CA-439E-93D9-38ABA40D505F}.Debug|Any CPU.Build.0 = Debug|x86
		{49D9A8BE-28CA-439E-93D9-38ABA40D505F}.Debug|Any CPU.Deploy.0 = Debug|x86
		{49D9A8BE-28CA-439E-93D9-38ABA40D505F}.Debug|ARM.ActiveCfg = Debug|ARM
		{49D9A8BE-28CA-439E-93D9-38ABA40D505F}.Debug|ARM.Build.0 = Debug|ARM
		{49D9A8BE-28CA-439E-93D9-38ABA40D505F}.Debug|ARM.Deploy.0 = Debug|ARM
		{49D9A8BE-28CA-439E-93D9-38ABA40D505F}.Debug|iPhone.ActiveCfg = Debug|x86
		{49D9A8BE-28CA-439E-93D9-38ABA40D505F}.Debug|iPhone.Build.0 = Debug|x86
		{49D9A8BE-28CA-439E-93D9-38ABA40D505F}.Debug|iPhone.Deploy.0 = Debug|x86
		{49D9A8BE-28CA-439E-93D9-38ABA40D505F}.Debug|iPhoneSimulator.ActiveCfg = Debug|x86
		{49D9A8BE-28CA-439E-93D9-38ABA40D505F}.Debug|iPhoneSimulator.Build.0 = Debug|x86
		{49D9A8BE-28CA-439E-93D9-38ABA40D505F}.Debug|iPhoneSimulator.Deploy.0 = Debug|x86
		{49D9A8BE-28CA-439E-93D9-38ABA40D505F}.Debug|x64.ActiveCfg = Debug|x64
		{49D9A8BE-28CA-439E-93D9-38ABA40D505F}.Debug|x64.Build.0 = Debug|x64
		{49D9A8BE-28CA-439E-93D9-38ABA40D505F}.Debug|x64.Deploy.0 = Debug|x64
		{49D9A8BE-28CA-439E-93D9-38ABA40D505F}.Debug|x86.ActiveCfg = Debug|x86
		{49D9A8BE-28CA-439E-93D9-38ABA40D505F}.Debug|x86.Build.0 = Debug|x86
		{49D9A8BE-28CA-439E-93D9-38ABA40D505F}.Debug|x86.Deploy.0 = Debug|x86
		{49D9A8BE-28CA-439E-93D9-38ABA40D505F}.Release|Any CPU.ActiveCfg = Release|x86
		{49D9A8BE-28CA-439E-93D9-38ABA40D505F}.Release|Any CPU.Build.0 = Release|x86
		{49D9A8BE-28CA-439E-93D9-38ABA40D505F}.Release|Any CPU.Deploy.0 = Release|x86
		{49D9A8BE-28CA-439E-93D9-38ABA40D505F}.Release|ARM.ActiveCfg = Release|ARM
		{49D9A8BE-28CA-439E-93D9-38ABA40D505F}.Release|ARM.Build.0 = Release|ARM
		{49D9A8BE-28CA-439E-93D9-38ABA40D505F}.Release|ARM.Deploy.0 = Release|ARM
		{49D9A8BE-28CA-439E-93D9-38ABA40D505F}.Release|iPhone.ActiveCfg = Release|x86
		{49D9A8BE-28CA-439E-93D9-38ABA40D505F}.Release|iPhone.Build.0 = Release|x86
		{49D9A8BE-28CA-439E-93D9-38ABA40D505F}.Release|iPhone.Deploy.0 = Release|x86
		{49D9A8BE-28CA-439E-93D9-38ABA40D505F}.Release|iPhoneSimulator.ActiveCfg = Release|x86
		{49D9A8BE-28CA-439E-93D9-38ABA40D505F}.Release|iPhoneSimulator.Build.0 = Release|x86
		{49D9A8BE-28CA-439E-93D9-38ABA40D505F}.Release|iPhoneSimulator.Deploy.0 = Release|x86
		{49D9A8BE-28CA-439E-93D9-38ABA40D505F}.Release|x64.ActiveCfg = Release|x64
		{49D9A8BE-28CA-439E-93D9-38ABA40D505F}.Release|x64.Build.0 = Release|x64
		{49D9A8BE-28CA-439E-93D9-38ABA40D505F}.Release|x64.Deploy.0 = Release|x64
		{49D9A8BE-28CA-439E-93D9-38ABA40D505F}.Release|x86.ActiveCfg = Release|x86
		{49D9A8BE-28CA-439E-93D9-38ABA40D505F}.Release|x86.Build.0 = Release|x86
		{49D9A8BE-28CA-439E-93D9-38ABA40D505F}.Release|x86.Deploy.0 = Release|x86
		{F142B6E3-AF51-44F6-9DA6-E6F29665D97F}.Ad-Hoc|Any CPU.ActiveCfg = Debug|Any CPU
		{F142B6E3-AF51-44F6-9DA6-E6F29665D97F}.Ad-Hoc|Any CPU.Build.0 = Debug|Any CPU
		{F142B6E3-AF51-44F6-9DA6-E6F29665D97F}.Ad-Hoc|Any CPU.Deploy.0 = Debug|Any CPU
		{F142B6E3-AF51-44F6-9DA6-E6F29665D97F}.Ad-Hoc|ARM.ActiveCfg = Debug|Any CPU
		{F142B6E3-AF51-44F6-9DA6-E6F29665D97F}.Ad-Hoc|ARM.Build.0 = Debug|Any CPU
		{F142B6E3-AF51-44F6-9DA6-E6F29665D97F}.Ad-Hoc|ARM.Deploy.0 = Debug|Any CPU
		{F142B6E3-AF51-44F6-9DA6-E6F29665D97F}.Ad-Hoc|iPhone.ActiveCfg = Debug|Any CPU
		{F142B6E3-AF51-44F6-9DA6-E6F29665D97F}.Ad-Hoc|iPhone.Build.0 = Debug|Any CPU
		{F142B6E3-AF51-44F6-9DA6-E6F29665D97F}.Ad-Hoc|iPhone.Deploy.0 = Debug|Any CPU
		{F142B6E3-AF51-44F6-9DA6-E6F29665D97F}.Ad-Hoc|iPhoneSimulator.ActiveCfg = Debug|Any CPU
		{F142B6E3-AF51-44F6-9DA6-E6F29665D97F}.Ad-Hoc|iPhoneSimulator.Build.0 = Debug|Any CPU
		{F142B6E3-AF51-44F6-9DA6-E6F29665D97F}.Ad-Hoc|iPhoneSimulator.Deploy.0 = Debug|Any CPU
		{F142B6E3-AF51-44F6-9DA6-E6F29665D97F}.Ad-Hoc|x64.ActiveCfg = Debug|Any CPU
		{F142B6E3-AF51-44F6-9DA6-E6F29665D97F}.Ad-Hoc|x64.Build.0 = Debug|Any CPU
		{F142B6E3-AF51-44F6-9DA6-E6F29665D97F}.Ad-Hoc|x64.Deploy.0 = Debug|Any CPU
		{F142B6E3-AF51-44F6-9DA6-E6F29665D97F}.Ad-Hoc|x86.ActiveCfg = Debug|Any CPU
		{F142B6E3-AF51-44F6-9DA6-E6F29665D97F}.Ad-Hoc|x86.Build.0 = Debug|Any CPU
		{F142B6E3-AF51-44F6-9DA6-E6F29665D97F}.Ad-Hoc|x86.Deploy.0 = Debug|Any CPU
		{F142B6E3-AF51-44F6-9DA6-E6F29665D97F}.AppStore|Any CPU.ActiveCfg = Debug|Any CPU
		{F142B6E3-AF51-44F6-9DA6-E6F29665D97F}.AppStore|Any CPU.Build.0 = Debug|Any CPU
		{F142B6E3-AF51-44F6-9DA6-E6F29665D97F}.AppStore|Any CPU.Deploy.0 = Debug|Any CPU
		{F142B6E3-AF51-44F6-9DA6-E6F29665D97F}.AppStore|ARM.ActiveCfg = Debug|Any CPU
		{F142B6E3-AF51-44F6-9DA6-E6F29665D97F}.AppStore|ARM.Build.0 = Debug|Any CPU
		{F142B6E3-AF51-44F6-9DA6-E6F29665D97F}.AppStore|ARM.Deploy.0 = Debug|Any CPU
		{F142B6E3-AF51-44F6-9DA6-E6F29665D97F}.AppStore|iPhone.ActiveCfg = Debug|Any CPU
		{F142B6E3-AF51-44F6-9DA6-E6F29665D97F}.AppStore|iPhone.Build.0 = Debug|Any CPU
		{F142B6E3-AF51-44F6-9DA6-E6F29665D97F}.AppStore|iPhone.Deploy.0 = Debug|Any CPU
		{F142B6E3-AF51-44F6-9DA6-E6F29665D97F}.AppStore|iPhoneSimulator.ActiveCfg = Debug|Any CPU
		{F142B6E3-AF51-44F6-9DA6-E6F29665D97F}.AppStore|iPhoneSimulator.Build.0 = Debug|Any CPU
		{F142B6E3-AF51-44F6-9DA6-E6F29665D97F}.AppStore|iPhoneSimulator.Deploy.0 = Debug|Any CPU
		{F142B6E3-AF51-44F6-9DA6-E6F29665D97F}.AppStore|x64.ActiveCfg = Debug|Any CPU
		{F142B6E3-AF51-44F6-9DA6-E6F29665D97F}.AppStore|x64.Build.0 = Debug|Any CPU
		{F142B6E3-AF51-44F6-9DA6-E6F29665D97F}.AppStore|x64.Deploy.0 = Debug|Any CPU
		{F142B6E3-AF51-44F6-9DA6-E6F29665D97F}.AppStore|x86.ActiveCfg = Debug|Any CPU
		{F142B6E3-AF51-44F6-9DA6-E6F29665D97F}.AppStore|x86.Build.0 = Debug|Any CPU
		{F142B6E3-AF51-44F6-9DA6-E6F29665D97F}.AppStore|x86.Deploy.0 = Debug|Any CPU
		{F142B6E3-AF51-44F6-9DA6-E6F29665D97F}.Debug|Any CPU.ActiveCfg = Debug|Any CPU
		{F142B6E3-AF51-44F6-9DA6-E6F29665D97F}.Debug|Any CPU.Build.0 = Debug|Any CPU
		{F142B6E3-AF51-44F6-9DA6-E6F29665D97F}.Debug|Any CPU.Deploy.0 = Debug|Any CPU
		{F142B6E3-AF51-44F6-9DA6-E6F29665D97F}.Debug|ARM.ActiveCfg = Debug|Any CPU
		{F142B6E3-AF51-44F6-9DA6-E6F29665D97F}.Debug|ARM.Build.0 = Debug|Any CPU
		{F142B6E3-AF51-44F6-9DA6-E6F29665D97F}.Debug|ARM.Deploy.0 = Debug|Any CPU
		{F142B6E3-AF51-44F6-9DA6-E6F29665D97F}.Debug|iPhone.ActiveCfg = Debug|Any CPU
		{F142B6E3-AF51-44F6-9DA6-E6F29665D97F}.Debug|iPhone.Build.0 = Debug|Any CPU
		{F142B6E3-AF51-44F6-9DA6-E6F29665D97F}.Debug|iPhone.Deploy.0 = Debug|Any CPU
		{F142B6E3-AF51-44F6-9DA6-E6F29665D97F}.Debug|iPhoneSimulator.ActiveCfg = Debug|Any CPU
		{F142B6E3-AF51-44F6-9DA6-E6F29665D97F}.Debug|iPhoneSimulator.Build.0 = Debug|Any CPU
		{F142B6E3-AF51-44F6-9DA6-E6F29665D97F}.Debug|iPhoneSimulator.Deploy.0 = Debug|Any CPU
		{F142B6E3-AF51-44F6-9DA6-E6F29665D97F}.Debug|x64.ActiveCfg = Debug|Any CPU
		{F142B6E3-AF51-44F6-9DA6-E6F29665D97F}.Debug|x64.Build.0 = Debug|Any CPU
		{F142B6E3-AF51-44F6-9DA6-E6F29665D97F}.Debug|x64.Deploy.0 = Debug|Any CPU
		{F142B6E3-AF51-44F6-9DA6-E6F29665D97F}.Debug|x86.ActiveCfg = Debug|Any CPU
		{F142B6E3-AF51-44F6-9DA6-E6F29665D97F}.Debug|x86.Build.0 = Debug|Any CPU
		{F142B6E3-AF51-44F6-9DA6-E6F29665D97F}.Debug|x86.Deploy.0 = Debug|Any CPU
		{F142B6E3-AF51-44F6-9DA6-E6F29665D97F}.Release|Any CPU.ActiveCfg = Release|Any CPU
		{F142B6E3-AF51-44F6-9DA6-E6F29665D97F}.Release|Any CPU.Build.0 = Release|Any CPU
		{F142B6E3-AF51-44F6-9DA6-E6F29665D97F}.Release|Any CPU.Deploy.0 = Release|Any CPU
		{F142B6E3-AF51-44F6-9DA6-E6F29665D97F}.Release|ARM.ActiveCfg = Release|Any CPU
		{F142B6E3-AF51-44F6-9DA6-E6F29665D97F}.Release|ARM.Build.0 = Release|Any CPU
		{F142B6E3-AF51-44F6-9DA6-E6F29665D97F}.Release|ARM.Deploy.0 = Release|Any CPU
		{F142B6E3-AF51-44F6-9DA6-E6F29665D97F}.Release|iPhone.ActiveCfg = Release|Any CPU
		{F142B6E3-AF51-44F6-9DA6-E6F29665D97F}.Release|iPhone.Build.0 = Release|Any CPU
		{F142B6E3-AF51-44F6-9DA6-E6F29665D97F}.Release|iPhone.Deploy.0 = Release|Any CPU
		{F142B6E3-AF51-44F6-9DA6-E6F29665D97F}.Release|iPhoneSimulator.ActiveCfg = Release|Any CPU
		{F142B6E3-AF51-44F6-9DA6-E6F29665D97F}.Release|iPhoneSimulator.Build.0 = Release|Any CPU
		{F142B6E3-AF51-44F6-9DA6-E6F29665D97F}.Release|iPhoneSimulator.Deploy.0 = Release|Any CPU
		{F142B6E3-AF51-44F6-9DA6-E6F29665D97F}.Release|x64.ActiveCfg = Release|Any CPU
		{F142B6E3-AF51-44F6-9DA6-E6F29665D97F}.Release|x64.Build.0 = Release|Any CPU
		{F142B6E3-AF51-44F6-9DA6-E6F29665D97F}.Release|x64.Deploy.0 = Release|Any CPU
		{F142B6E3-AF51-44F6-9DA6-E6F29665D97F}.Release|x86.ActiveCfg = Release|Any CPU
		{F142B6E3-AF51-44F6-9DA6-E6F29665D97F}.Release|x86.Build.0 = Release|Any CPU
		{F142B6E3-AF51-44F6-9DA6-E6F29665D97F}.Release|x86.Deploy.0 = Release|Any CPU
	EndGlobalSection
	GlobalSection(SolutionProperties) = preSolution
		HideSolutionNode = FALSE
	EndGlobalSection
	GlobalSection(ExtensibilityGlobals) = postSolution
		SolutionGuid = {7F39D40B-4221-4B30-B006-619F9667B1C7}
	EndGlobalSection
EndGlobal
